
Microsoft Visual Studio Solution File, Format Version 12.00
# Visual Studio 15
VisualStudioVersion = 15.0.28010.2046
MinimumVisualStudioVersion = 10.0.40219.1
Project("{FAE04EC0-301F-11D3-BF4B-00C04F79EFBC}") = "AudioCard", "AudioCard\AudioCard.csproj", "{68334F41-385A-49C2-A6DC-A5EF5409B9EA}"
EndProject
Global
	GlobalSection(SolutionConfigurationPlatforms) = preSolution
		Debug|Any CPU = Debug|Any CPU
		Release|Any CPU = Release|Any CPU
	EndGlobalSection
	GlobalSection(ProjectConfigurationPlatforms) = postSolution
		{68334F41-385A-49C2-A6DC-A5EF5409B9EA}.Debug|Any CPU.ActiveCfg = Debug|Any CPU
		{68334F41-385A-49C2-A6DC-A5EF5409B9EA}.Debug|Any CPU.Build.0 = Debug|Any CPU
		{68334F41-385A-49C2-A6DC-A5EF5409B9EA}.Release|Any CPU.ActiveCfg = Release|Any CPU
		{68334F41-385A-49C2-A6DC-A5EF5409B9EA}.Release|Any CPU.Build.0 = Release|Any CPU
	EndGlobalSection
	GlobalSection(SolutionProperties) = preSolution
		HideSolutionNode = FALSE
	EndGlobalSection
	GlobalSection(ExtensibilityGlobals) = postSolution
		SolutionGuid = {C550CD0D-9A0B-49D9-9E87-6DBF421F84A8}
	EndGlobalSection
EndGlobal
